
Microsoft Visual Studio Solution File, Format Version 12.00
# Visual Studio Version 16
VisualStudioVersion = 16.0.30114.105
MinimumVisualStudioVersion = 10.0.40219.1
Project("{9092AA53-FB77-4645-B42D-1CCCA6BD08BD}") = "HelloWorld", "HelloWorld\HelloWorld.njsproj", "{B66B7D4D-CF69-44AD-BD37-CF27CB2C0711}"
EndProject
Global
	GlobalSection(SolutionConfigurationPlatforms) = preSolution
		Debug|Any CPU = Debug|Any CPU
		Release|Any CPU = Release|Any CPU
	EndGlobalSection
	GlobalSection(ProjectConfigurationPlatforms) = postSolution
		{B66B7D4D-CF69-44AD-BD37-CF27CB2C0711}.Debug|Any CPU.ActiveCfg = Debug|Any CPU
		{B66B7D4D-CF69-44AD-BD37-CF27CB2C0711}.Debug|Any CPU.Build.0 = Debug|Any CPU
		{B66B7D4D-CF69-44AD-BD37-CF27CB2C0711}.Release|Any CPU.ActiveCfg = Release|Any CPU
		{B66B7D4D-CF69-44AD-BD37-CF27CB2C0711}.Release|Any CPU.Build.0 = Release|Any CPU
	EndGlobalSection
	GlobalSection(SolutionProperties) = preSolution
		HideSolutionNode = FALSE
	EndGlobalSection
	GlobalSection(ExtensibilityGlobals) = postSolution
		SolutionGuid = {B2E82CC2-D0B4-415B-B72C-C104198110CC}
	EndGlobalSection
EndGlobal
